
Microsoft Visual Studio Solution File, Format Version 12.00
# Visual Studio Version 16
VisualStudioVersion = 16.0.30804.86
MinimumVisualStudioVersion = 10.0.40219.1
Project("{9A19103F-16F7-4668-BE54-9A1E7A4F7556}") = "тест асп", "тест асп\тест асп.csproj", "{11C502CA-2B46-4C57-915A-C19CDDC54CAA}"
EndProject
Global
	GlobalSection(SolutionConfigurationPlatforms) = preSolution
		Debug|Any CPU = Debug|Any CPU
		Release|Any CPU = Release|Any CPU
	EndGlobalSection
	GlobalSection(ProjectConfigurationPlatforms) = postSolution
		{11C502CA-2B46-4C57-915A-C19CDDC54CAA}.Debug|Any CPU.ActiveCfg = Debug|Any CPU
		{11C502CA-2B46-4C57-915A-C19CDDC54CAA}.Debug|Any CPU.Build.0 = Debug|Any CPU
		{11C502CA-2B46-4C57-915A-C19CDDC54CAA}.Release|Any CPU.ActiveCfg = Release|Any CPU
		{11C502CA-2B46-4C57-915A-C19CDDC54CAA}.Release|Any CPU.Build.0 = Release|Any CPU
	EndGlobalSection
	GlobalSection(SolutionProperties) = preSolution
		HideSolutionNode = FALSE
	EndGlobalSection
	GlobalSection(ExtensibilityGlobals) = postSolution
		SolutionGuid = {B8A6667F-CF94-4CE3-94F6-17DE76DD300A}
	EndGlobalSection
EndGlobal
